
Microsoft Visual Studio Solution File, Format Version 12.00
# Visual Studio 15
VisualStudioVersion = 15.0.28307.645
MinimumVisualStudioVersion = 10.0.40219.1
Project("{8BC9CEB8-8B4A-11D0-8D11-00A0C91BC942}") = "UI", "UI.vcxproj", "{009A2761-7293-4703-96EA-45894EDA90CF}"
EndProject
Global
	GlobalSection(SolutionConfigurationPlatforms) = preSolution
		Debug|x64 = Debug|x64
		Debug|x86 = Debug|x86
		Release|x64 = Release|x64
		Release|x86 = Release|x86
	EndGlobalSection
	GlobalSection(ProjectConfigurationPlatforms) = postSolution
		{009A2761-7293-4703-96EA-45894EDA90CF}.Debug|x64.ActiveCfg = Debug|x64
		{009A2761-7293-4703-96EA-45894EDA90CF}.Debug|x64.Build.0 = Debug|x64
		{009A2761-7293-4703-96EA-45894EDA90CF}.Debug|x86.ActiveCfg = Debug|Win32
		{009A2761-7293-4703-96EA-45894EDA90CF}.Debug|x86.Build.0 = Debug|Win32
		{009A2761-7293-4703-96EA-45894EDA90CF}.Release|x64.ActiveCfg = Release|x64
		{009A2761-7293-4703-96EA-45894EDA90CF}.Release|x64.Build.0 = Release|x64
		{009A2761-7293-4703-96EA-45894EDA90CF}.Release|x86.ActiveCfg = Release|Win32
		{009A2761-7293-4703-96EA-45894EDA90CF}.Release|x86.Build.0 = Release|Win32
	EndGlobalSection
	GlobalSection(SolutionProperties) = preSolution
		HideSolutionNode = FALSE
	EndGlobalSection
	GlobalSection(ExtensibilityGlobals) = postSolution
		SolutionGuid = {EE5D4527-34C2-4428-BD2E-99D1B9E0A312}
	EndGlobalSection
EndGlobal
